
Microsoft Visual Studio Solution File, Format Version 12.00
# Visual Studio Version 16
VisualStudioVersion = 16.0.29230.61
MinimumVisualStudioVersion = 10.0.40219.1
Project("{9A19103F-16F7-4668-BE54-9A1E7A4F7556}") = "TwitterDownloader", "src\TwitterDownloader\TwitterDownloader.csproj", "{6A6CB1B2-F97C-49B2-876E-0D5904E2924D}"
EndProject
Project("{2150E333-8FDC-42A3-9474-1A3956D46DE8}") = "Solution Items", "Solution Items", "{98D27357-DDAB-4CB8-8A95-6784449E1A39}"
	ProjectSection(SolutionItems) = preProject
		.gitignore = .gitignore
	EndProjectSection
EndProject
Global
	GlobalSection(SolutionConfigurationPlatforms) = preSolution
		Debug|Any CPU = Debug|Any CPU
		Release|Any CPU = Release|Any CPU
	EndGlobalSection
	GlobalSection(ProjectConfigurationPlatforms) = postSolution
		{6A6CB1B2-F97C-49B2-876E-0D5904E2924D}.Debug|Any CPU.ActiveCfg = Debug|Any CPU
		{6A6CB1B2-F97C-49B2-876E-0D5904E2924D}.Debug|Any CPU.Build.0 = Debug|Any CPU
		{6A6CB1B2-F97C-49B2-876E-0D5904E2924D}.Release|Any CPU.ActiveCfg = Release|Any CPU
		{6A6CB1B2-F97C-49B2-876E-0D5904E2924D}.Release|Any CPU.Build.0 = Release|Any CPU
	EndGlobalSection
	GlobalSection(SolutionProperties) = preSolution
		HideSolutionNode = FALSE
	EndGlobalSection
	GlobalSection(ExtensibilityGlobals) = postSolution
		SolutionGuid = {B8DAA775-91AD-42E3-ACAA-B913092CF186}
	EndGlobalSection
EndGlobal
